
Microsoft Visual Studio Solution File, Format Version 12.00
# Visual Studio Version 17
VisualStudioVersion = 17.0.31903.59
MinimumVisualStudioVersion = 10.0.40219.1
Project("{FAE04EC0-301F-11D3-BF4B-00C04F79EFBC}") = "Exercicios1", "Exercicios1\Exercicios1.csproj", "{E0981F8D-E665-4940-8D92-A43F77A69147}"
EndProject
Project("{FAE04EC0-301F-11D3-BF4B-00C04F79EFBC}") = "Exercicio2", "Exercicio2\Exercicio2.csproj", "{71573947-C430-4BDE-A1D8-CD44E05AD8A0}"
EndProject
Project("{FAE04EC0-301F-11D3-BF4B-00C04F79EFBC}") = "Exercicio3", "Exercicio3\Exercicio3.csproj", "{7FB5AEAB-2BBE-4576-AFA4-AFCCFF2E59D8}"
EndProject
Global
	GlobalSection(SolutionConfigurationPlatforms) = preSolution
		Debug|Any CPU = Debug|Any CPU
		Release|Any CPU = Release|Any CPU
	EndGlobalSection
	GlobalSection(SolutionProperties) = preSolution
		HideSolutionNode = FALSE
	EndGlobalSection
	GlobalSection(ProjectConfigurationPlatforms) = postSolution
		{E0981F8D-E665-4940-8D92-A43F77A69147}.Debug|Any CPU.ActiveCfg = Debug|Any CPU
		{E0981F8D-E665-4940-8D92-A43F77A69147}.Debug|Any CPU.Build.0 = Debug|Any CPU
		{E0981F8D-E665-4940-8D92-A43F77A69147}.Release|Any CPU.ActiveCfg = Release|Any CPU
		{E0981F8D-E665-4940-8D92-A43F77A69147}.Release|Any CPU.Build.0 = Release|Any CPU
		{71573947-C430-4BDE-A1D8-CD44E05AD8A0}.Debug|Any CPU.ActiveCfg = Debug|Any CPU
		{71573947-C430-4BDE-A1D8-CD44E05AD8A0}.Debug|Any CPU.Build.0 = Debug|Any CPU
		{71573947-C430-4BDE-A1D8-CD44E05AD8A0}.Release|Any CPU.ActiveCfg = Release|Any CPU
		{71573947-C430-4BDE-A1D8-CD44E05AD8A0}.Release|Any CPU.Build.0 = Release|Any CPU
		{7FB5AEAB-2BBE-4576-AFA4-AFCCFF2E59D8}.Debug|Any CPU.ActiveCfg = Debug|Any CPU
		{7FB5AEAB-2BBE-4576-AFA4-AFCCFF2E59D8}.Debug|Any CPU.Build.0 = Debug|Any CPU
		{7FB5AEAB-2BBE-4576-AFA4-AFCCFF2E59D8}.Release|Any CPU.ActiveCfg = Release|Any CPU
		{7FB5AEAB-2BBE-4576-AFA4-AFCCFF2E59D8}.Release|Any CPU.Build.0 = Release|Any CPU
	EndGlobalSection
EndGlobal
